// !$*UTF8*$!
{
	archiveVersion = 1;
	classes = {
	};
	objectVersion = 50;
	objects = {

/* Begin PBXBuildFile section */
		880EC67024805E4A002285DF /* AppDelegate.swift in Sources */ = {isa = PBXBuildFile; fileRef = 880EC66F24805E4A002285DF /* AppDelegate.swift */; };
		880EC67224805E4A002285DF /* SceneDelegate.swift in Sources */ = {isa = PBXBuildFile; fileRef = 880EC67124805E4A002285DF /* SceneDelegate.swift */; };
		880EC67424805E4A002285DF /* ViewController.swift in Sources */ = {isa = PBXBuildFile; fileRef = 880EC67324805E4A002285DF /* ViewController.swift */; };
		880EC67724805E4A002285DF /* Main.storyboard in Resources */ = {isa = PBXBuildFile; fileRef = 880EC67524805E4A002285DF /* Main.storyboard */; };
		880EC67A24805E4A002285DF /* TheLogger.xcdatamodeld in Sources */ = {isa = PBXBuildFile; fileRef = 880EC67824805E4A002285DF /* TheLogger.xcdatamodeld */; };
		880EC67C24805E4E002285DF /* Assets.xcassets in Resources */ = {isa = PBXBuildFile; fileRef = 880EC67B24805E4E002285DF /* Assets.xcassets */; };
		880EC67F24805E4E002285DF /* LaunchScreen.storyboard in Resources */ = {isa = PBXBuildFile; fileRef = 880EC67D24805E4E002285DF /* LaunchScreen.storyboard */; };
		880EC68A24805E4E002285DF /* TheLoggerTests.swift in Sources */ = {isa = PBXBuildFile; fileRef = 880EC68924805E4E002285DF /* TheLoggerTests.swift */; };
		881A8E0B24828A2400494B93 /* Data+Extensions.swift in Sources */ = {isa = PBXBuildFile; fileRef = 881A8E0524828A2400494B93 /* Data+Extensions.swift */; };
		881A8E0C24828A2400494B93 /* UIColor+Extensions.swift in Sources */ = {isa = PBXBuildFile; fileRef = 881A8E0624828A2400494B93 /* UIColor+Extensions.swift */; };
		881A8E0D24828A2400494B93 /* OutputLog.swift in Sources */ = {isa = PBXBuildFile; fileRef = 881A8E0724828A2400494B93 /* OutputLog.swift */; };
		881A8E0E24828A2400494B93 /* StyleGuide.swift in Sources */ = {isa = PBXBuildFile; fileRef = 881A8E0824828A2400494B93 /* StyleGuide.swift */; };
		881A8E0F24828A2400494B93 /* UIView+Extensions.swift in Sources */ = {isa = PBXBuildFile; fileRef = 881A8E0924828A2400494B93 /* UIView+Extensions.swift */; };
		881A8E1724828C8B00494B93 /* MainRouter.swift in Sources */ = {isa = PBXBuildFile; fileRef = 881A8E1624828C8A00494B93 /* MainRouter.swift */; };
		881A8E202482901500494B93 /* GodSpeedSensor2.json in Resources */ = {isa = PBXBuildFile; fileRef = 881A8E1A2482901400494B93 /* GodSpeedSensor2.json */; };
		881A8E212482901500494B93 /* JumperSensor1.json in Resources */ = {isa = PBXBuildFile; fileRef = 881A8E1B2482901500494B93 /* JumperSensor1.json */; };
		881A8E222482901500494B93 /* FreezingHellSensor1.json in Resources */ = {isa = PBXBuildFile; fileRef = 881A8E1C2482901500494B93 /* FreezingHellSensor1.json */; };
		881A8E232482901500494B93 /* GodSpeedSensor1.json in Resources */ = {isa = PBXBuildFile; fileRef = 881A8E1D2482901500494B93 /* GodSpeedSensor1.json */; };
		881A8E242482901500494B93 /* FreezingHellSensor2.json in Resources */ = {isa = PBXBuildFile; fileRef = 881A8E1E2482901500494B93 /* FreezingHellSensor2.json */; };
		881A8E252482901500494B93 /* JumperSensor2.json in Resources */ = {isa = PBXBuildFile; fileRef = 881A8E1F2482901500494B93 /* JumperSensor2.json */; };
		881A8E282482906400494B93 /* SimulatedSonsorsModel.swift in Sources */ = {isa = PBXBuildFile; fileRef = 881A8E272482906400494B93 /* SimulatedSonsorsModel.swift */; };
		881A8E2A248290A900494B93 /* TrackModel.swift in Sources */ = {isa = PBXBuildFile; fileRef = 881A8E29248290A900494B93 /* TrackModel.swift */; };
		881A8E2C2482910A00494B93 /* LocationModel.swift in Sources */ = {isa = PBXBuildFile; fileRef = 881A8E2B2482910A00494B93 /* LocationModel.swift */; };
		881A8E2F248291BF00494B93 /* SimulatedSensorsViewModel.swift in Sources */ = {isa = PBXBuildFile; fileRef = 881A8E2E248291BF00494B93 /* SimulatedSensorsViewModel.swift */; };
		881A8E31248292C000494B93 /* Enums.swift in Sources */ = {isa = PBXBuildFile; fileRef = 881A8E30248292C000494B93 /* Enums.swift */; };
		88D99B1B2482B10800114BA3 /* SimulatedSensorManager.swift in Sources */ = {isa = PBXBuildFile; fileRef = 88D99B1A2482B10800114BA3 /* SimulatedSensorManager.swift */; };
		88D99B1D2482B18300114BA3 /* Network.swift in Sources */ = {isa = PBXBuildFile; fileRef = 88D99B1C2482B18300114BA3 /* Network.swift */; };
		88D99B222482DF9700114BA3 /* OutputTimerView.swift in Sources */ = {isa = PBXBuildFile; fileRef = 88D99B212482DF9700114BA3 /* OutputTimerView.swift */; };
/* End PBXBuildFile section */

/* Begin PBXContainerItemProxy section */
		880EC68624805E4E002285DF /* PBXContainerItemProxy */ = {
			isa = PBXContainerItemProxy;
			containerPortal = 880EC66424805E4A002285DF /* Project object */;
			proxyType = 1;
			remoteGlobalIDString = 880EC66B24805E4A002285DF;
			remoteInfo = TheLogger;
		};
/* End PBXContainerItemProxy section */

/* Begin PBXFileReference section */
		880EC66C24805E4A002285DF /* TheLogger.app */ = {isa = PBXFileReference; explicitFileType = wrapper.application; includeInIndex = 0; path = TheLogger.app; sourceTree = BUILT_PRODUCTS_DIR; };
		880EC66F24805E4A002285DF /* AppDelegate.swift */ = {isa = PBXFileReference; lastKnownFileType = sourcecode.swift; path = AppDelegate.swift; sourceTree = "<group>"; };
		880EC67124805E4A002285DF /* SceneDelegate.swift */ = {isa = PBXFileReference; lastKnownFileType = sourcecode.swift; path = SceneDelegate.swift; sourceTree = "<group>"; };
		880EC67324805E4A002285DF /* ViewController.swift */ = {isa = PBXFileReference; lastKnownFileType = sourcecode.swift; path = ViewController.swift; sourceTree = "<group>"; };
		880EC67624805E4A002285DF /* Base */ = {isa = PBXFileReference; lastKnownFileType = file.storyboard; name = Base; path = Base.lproj/Main.storyboard; sourceTree = "<group>"; };
		880EC67924805E4A002285DF /* TheLogger.xcdatamodel */ = {isa = PBXFileReference; lastKnownFileType = wrapper.xcdatamodel; path = TheLogger.xcdatamodel; sourceTree = "<group>"; };
		880EC67B24805E4E002285DF /* Assets.xcassets */ = {isa = PBXFileReference; lastKnownFileType = folder.assetcatalog; path = Assets.xcassets; sourceTree = "<group>"; };
		880EC67E24805E4E002285DF /* Base */ = {isa = PBXFileReference; lastKnownFileType = file.storyboard; name = Base; path = Base.lproj/LaunchScreen.storyboard; sourceTree = "<group>"; };
		880EC68024805E4E002285DF /* Info.plist */ = {isa = PBXFileReference; lastKnownFileType = text.plist.xml; path = Info.plist; sourceTree = "<group>"; };
		880EC68524805E4E002285DF /* TheLoggerTests.xctest */ = {isa = PBXFileReference; explicitFileType = wrapper.cfbundle; includeInIndex = 0; path = TheLoggerTests.xctest; sourceTree = BUILT_PRODUCTS_DIR; };
		880EC68924805E4E002285DF /* TheLoggerTests.swift */ = {isa = PBXFileReference; lastKnownFileType = sourcecode.swift; path = TheLoggerTests.swift; sourceTree = "<group>"; };
		880EC68B24805E4E002285DF /* Info.plist */ = {isa = PBXFileReference; lastKnownFileType = text.plist.xml; path = Info.plist; sourceTree = "<group>"; };
		881A8E0524828A2400494B93 /* Data+Extensions.swift */ = {isa = PBXFileReference; fileEncoding = 4; lastKnownFileType = sourcecode.swift; path = "Data+Extensions.swift"; sourceTree = "<group>"; };
		881A8E0624828A2400494B93 /* UIColor+Extensions.swift */ = {isa = PBXFileReference; fileEncoding = 4; lastKnownFileType = sourcecode.swift; path = "UIColor+Extensions.swift"; sourceTree = "<group>"; };
		881A8E0724828A2400494B93 /* OutputLog.swift */ = {isa = PBXFileReference; fileEncoding = 4; lastKnownFileType = sourcecode.swift; path = OutputLog.swift; sourceTree = "<group>"; };
		881A8E0824828A2400494B93 /* StyleGuide.swift */ = {isa = PBXFileReference; fileEncoding = 4; lastKnownFileType = sourcecode.swift; path = StyleGuide.swift; sourceTree = "<group>"; };
		881A8E0924828A2400494B93 /* UIView+Extensions.swift */ = {isa = PBXFileReference; fileEncoding = 4; lastKnownFileType = sourcecode.swift; path = "UIView+Extensions.swift"; sourceTree = "<group>"; };
		881A8E1624828C8A00494B93 /* MainRouter.swift */ = {isa = PBXFileReference; fileEncoding = 4; lastKnownFileType = sourcecode.swift; path = MainRouter.swift; sourceTree = "<group>"; };
		881A8E1A2482901400494B93 /* GodSpeedSensor2.json */ = {isa = PBXFileReference; fileEncoding = 4; lastKnownFileType = text.json; path = GodSpeedSensor2.json; sourceTree = "<group>"; };
		881A8E1B2482901500494B93 /* JumperSensor1.json */ = {isa = PBXFileReference; fileEncoding = 4; lastKnownFileType = text.json; path = JumperSensor1.json; sourceTree = "<group>"; };
		881A8E1C2482901500494B93 /* FreezingHellSensor1.json */ = {isa = PBXFileReference; fileEncoding = 4; lastKnownFileType = text.json; path = FreezingHellSensor1.json; sourceTree = "<group>"; };
		881A8E1D2482901500494B93 /* GodSpeedSensor1.json */ = {isa = PBXFileReference; fileEncoding = 4; lastKnownFileType = text.json; path = GodSpeedSensor1.json; sourceTree = "<group>"; };
		881A8E1E2482901500494B93 /* FreezingHellSensor2.json */ = {isa = PBXFileReference; fileEncoding = 4; lastKnownFileType = text.json; path = FreezingHellSensor2.json; sourceTree = "<group>"; };
		881A8E1F2482901500494B93 /* JumperSensor2.json */ = {isa = PBXFileReference; fileEncoding = 4; lastKnownFileType = text.json; path = JumperSensor2.json; sourceTree = "<group>"; };
		881A8E272482906400494B93 /* SimulatedSonsorsModel.swift */ = {isa = PBXFileReference; lastKnownFileType = sourcecode.swift; path = SimulatedSonsorsModel.swift; sourceTree = "<group>"; };
		881A8E29248290A900494B93 /* TrackModel.swift */ = {isa = PBXFileReference; lastKnownFileType = sourcecode.swift; path = TrackModel.swift; sourceTree = "<group>"; };
		881A8E2B2482910A00494B93 /* LocationModel.swift */ = {isa = PBXFileReference; lastKnownFileType = sourcecode.swift; path = LocationModel.swift; sourceTree = "<group>"; };
		881A8E2E248291BF00494B93 /* SimulatedSensorsViewModel.swift */ = {isa = PBXFileReference; lastKnownFileType = sourcecode.swift; path = SimulatedSensorsViewModel.swift; sourceTree = "<group>"; };
		881A8E30248292C000494B93 /* Enums.swift */ = {isa = PBXFileReference; lastKnownFileType = sourcecode.swift; path = Enums.swift; sourceTree = "<group>"; };
		88D99B1A2482B10800114BA3 /* SimulatedSensorManager.swift */ = {isa = PBXFileReference; lastKnownFileType = sourcecode.swift; path = SimulatedSensorManager.swift; sourceTree = "<group>"; };
		88D99B1C2482B18300114BA3 /* Network.swift */ = {isa = PBXFileReference; lastKnownFileType = sourcecode.swift; path = Network.swift; sourceTree = "<group>"; };
		88D99B212482DF9700114BA3 /* OutputTimerView.swift */ = {isa = PBXFileReference; lastKnownFileType = sourcecode.swift; path = OutputTimerView.swift; sourceTree = "<group>"; };
/* End PBXFileReference section */

/* Begin PBXFrameworksBuildPhase section */
		880EC66924805E4A002285DF /* Frameworks */ = {
			isa = PBXFrameworksBuildPhase;
			buildActionMask = 2147483647;
			files = (
			);
			runOnlyForDeploymentPostprocessing = 0;
		};
		880EC68224805E4E002285DF /* Frameworks */ = {
			isa = PBXFrameworksBuildPhase;
			buildActionMask = 2147483647;
			files = (
			);
			runOnlyForDeploymentPostprocessing = 0;
		};
/* End PBXFrameworksBuildPhase section */

/* Begin PBXGroup section */
		880EC66324805E4A002285DF = {
			isa = PBXGroup;
			children = (
				880EC66E24805E4A002285DF /* TheLogger */,
				880EC68824805E4E002285DF /* TheLoggerTests */,
				880EC66D24805E4A002285DF /* Products */,
			);
			sourceTree = "<group>";
		};
		880EC66D24805E4A002285DF /* Products */ = {
			isa = PBXGroup;
			children = (
				880EC66C24805E4A002285DF /* TheLogger.app */,
				880EC68524805E4E002285DF /* TheLoggerTests.xctest */,
			);
			name = Products;
			sourceTree = "<group>";
		};
		880EC66E24805E4A002285DF /* TheLogger */ = {
			isa = PBXGroup;
			children = (
				880EC69424805EBB002285DF /* App */,
				881A8E1524828AE500494B93 /* Features */,
				881A8E1224828A7400494B93 /* Shared */,
			);
			path = TheLogger;
			sourceTree = "<group>";
		};
		880EC68824805E4E002285DF /* TheLoggerTests */ = {
			isa = PBXGroup;
			children = (
				880EC68924805E4E002285DF /* TheLoggerTests.swift */,
				880EC68B24805E4E002285DF /* Info.plist */,
			);
			path = TheLoggerTests;
			sourceTree = "<group>";
		};
		880EC69424805EBB002285DF /* App */ = {
			isa = PBXGroup;
			children = (
				880EC66F24805E4A002285DF /* AppDelegate.swift */,
				880EC67124805E4A002285DF /* SceneDelegate.swift */,
				881A8E1624828C8A00494B93 /* MainRouter.swift */,
				880EC67824805E4A002285DF /* TheLogger.xcdatamodeld */,
				880EC69624805ED7002285DF /* Storyboard */,
				880EC69524805EC4002285DF /* SupportingFiles */,
			);
			path = App;
			sourceTree = "<group>";
		};
		880EC69524805EC4002285DF /* SupportingFiles */ = {
			isa = PBXGroup;
			children = (
				880EC67B24805E4E002285DF /* Assets.xcassets */,
				880EC68024805E4E002285DF /* Info.plist */,
			);
			path = SupportingFiles;
			sourceTree = "<group>";
		};
		880EC69624805ED7002285DF /* Storyboard */ = {
			isa = PBXGroup;
			children = (
				880EC67524805E4A002285DF /* Main.storyboard */,
				880EC67D24805E4E002285DF /* LaunchScreen.storyboard */,
			);
			path = Storyboard;
			sourceTree = "<group>";
		};
		881A8E1024828A6200494B93 /* Extensions */ = {
			isa = PBXGroup;
			children = (
				881A8E0524828A2400494B93 /* Data+Extensions.swift */,
				881A8E0624828A2400494B93 /* UIColor+Extensions.swift */,
				881A8E0924828A2400494B93 /* UIView+Extensions.swift */,
			);
			path = Extensions;
			sourceTree = "<group>";
		};
		881A8E1124828A6B00494B93 /* Utils */ = {
			isa = PBXGroup;
			children = (
				881A8E0824828A2400494B93 /* StyleGuide.swift */,
				881A8E0724828A2400494B93 /* OutputLog.swift */,
				881A8E30248292C000494B93 /* Enums.swift */,
			);
			path = Utils;
			sourceTree = "<group>";
		};
		881A8E1224828A7400494B93 /* Shared */ = {
			isa = PBXGroup;
			children = (
				88D99B202482DF8A00114BA3 /* Components */,
				881A8E1824828FC500494B93 /* Simulated Sensors */,
				881A8E1024828A6200494B93 /* Extensions */,
				881A8E1124828A6B00494B93 /* Utils */,
			);
			path = Shared;
			sourceTree = "<group>";
		};
		881A8E1524828AE500494B93 /* Features */ = {
			isa = PBXGroup;
			children = (
				88D99B192482B0D000114BA3 /* SimulatedSensorManager */,
				880EC67324805E4A002285DF /* ViewController.swift */,
			);
			path = Features;
			sourceTree = "<group>";
		};
		881A8E1824828FC500494B93 /* Simulated Sensors */ = {
			isa = PBXGroup;
			children = (
				881A8E262482905400494B93 /* Models */,
				881A8E2D248291A400494B93 /* ViewModels */,
				881A8E1924828FF900494B93 /* Resources */,
			);
			path = "Simulated Sensors";
			sourceTree = "<group>";
		};
		881A8E1924828FF900494B93 /* Resources */ = {
			isa = PBXGroup;
			children = (
				881A8E1B2482901500494B93 /* JumperSensor1.json */,
				881A8E1F2482901500494B93 /* JumperSensor2.json */,
				881A8E1C2482901500494B93 /* FreezingHellSensor1.json */,
				881A8E1E2482901500494B93 /* FreezingHellSensor2.json */,
				881A8E1D2482901500494B93 /* GodSpeedSensor1.json */,
				881A8E1A2482901400494B93 /* GodSpeedSensor2.json */,
			);
			path = Resources;
			sourceTree = "<group>";
		};
		881A8E262482905400494B93 /* Models */ = {
			isa = PBXGroup;
			children = (
				881A8E272482906400494B93 /* SimulatedSonsorsModel.swift */,
				881A8E29248290A900494B93 /* TrackModel.swift */,
				881A8E2B2482910A00494B93 /* LocationModel.swift */,
			);
			path = Models;
			sourceTree = "<group>";
		};
		881A8E2D248291A400494B93 /* ViewModels */ = {
			isa = PBXGroup;
			children = (
				881A8E2E248291BF00494B93 /* SimulatedSensorsViewModel.swift */,
			);
			path = ViewModels;
			sourceTree = "<group>";
		};
		88D99B192482B0D000114BA3 /* SimulatedSensorManager */ = {
			isa = PBXGroup;
			children = (
				88D99B1A2482B10800114BA3 /* SimulatedSensorManager.swift */,
				88D99B1C2482B18300114BA3 /* Network.swift */,
			);
			path = SimulatedSensorManager;
			sourceTree = "<group>";
		};
		88D99B202482DF8A00114BA3 /* Components */ = {
			isa = PBXGroup;
			children = (
				88D99B212482DF9700114BA3 /* OutputTimerView.swift */,
			);
			path = Components;
			sourceTree = "<group>";
		};
/* End PBXGroup section */

/* Begin PBXNativeTarget section */
		880EC66B24805E4A002285DF /* TheLogger */ = {
			isa = PBXNativeTarget;
			buildConfigurationList = 880EC68E24805E4E002285DF /* Build configuration list for PBXNativeTarget "TheLogger" */;
			buildPhases = (
				880EC66824805E4A002285DF /* Sources */,
				880EC66924805E4A002285DF /* Frameworks */,
				880EC66A24805E4A002285DF /* Resources */,
			);
			buildRules = (
			);
			dependencies = (
			);
			name = TheLogger;
			productName = TheLogger;
			productReference = 880EC66C24805E4A002285DF /* TheLogger.app */;
			productType = "com.apple.product-type.application";
		};
		880EC68424805E4E002285DF /* TheLoggerTests */ = {
			isa = PBXNativeTarget;
			buildConfigurationList = 880EC69124805E4E002285DF /* Build configuration list for PBXNativeTarget "TheLoggerTests" */;
			buildPhases = (
				880EC68124805E4E002285DF /* Sources */,
				880EC68224805E4E002285DF /* Frameworks */,
				880EC68324805E4E002285DF /* Resources */,
			);
			buildRules = (
			);
			dependencies = (
				880EC68724805E4E002285DF /* PBXTargetDependency */,
			);
			name = TheLoggerTests;
			productName = TheLoggerTests;
			productReference = 880EC68524805E4E002285DF /* TheLoggerTests.xctest */;
			productType = "com.apple.product-type.bundle.unit-test";
		};
/* End PBXNativeTarget section */

/* Begin PBXProject section */
		880EC66424805E4A002285DF /* Project object */ = {
			isa = PBXProject;
			attributes = {
				LastSwiftUpdateCheck = 1130;
				LastUpgradeCheck = 1130;
				ORGANIZATIONNAME = "Vitor Spessoto";
				TargetAttributes = {
					880EC66B24805E4A002285DF = {
						CreatedOnToolsVersion = 11.3.1;
					};
					880EC68424805E4E002285DF = {
						CreatedOnToolsVersion = 11.3.1;
						TestTargetID = 880EC66B24805E4A002285DF;
					};
				};
			};
			buildConfigurationList = 880EC66724805E4A002285DF /* Build configuration list for PBXProject "TheLogger" */;
			compatibilityVersion = "Xcode 9.3";
			developmentRegion = en;
			hasScannedForEncodings = 0;
			knownRegions = (
				en,
				Base,
			);
			mainGroup = 880EC66324805E4A002285DF;
			productRefGroup = 880EC66D24805E4A002285DF /* Products */;
			projectDirPath = "";
			projectRoot = "";
			targets = (
				880EC66B24805E4A002285DF /* TheLogger */,
				880EC68424805E4E002285DF /* TheLoggerTests */,
			);
		};
/* End PBXProject section */

/* Begin PBXResourcesBuildPhase section */
		880EC66A24805E4A002285DF /* Resources */ = {
			isa = PBXResourcesBuildPhase;
			buildActionMask = 2147483647;
			files = (
				881A8E232482901500494B93 /* GodSpeedSensor1.json in Resources */,
				881A8E222482901500494B93 /* FreezingHellSensor1.json in Resources */,
				881A8E212482901500494B93 /* JumperSensor1.json in Resources */,
				881A8E242482901500494B93 /* FreezingHellSensor2.json in Resources */,
				880EC67F24805E4E002285DF /* LaunchScreen.storyboard in Resources */,
				880EC67C24805E4E002285DF /* Assets.xcassets in Resources */,
				881A8E252482901500494B93 /* JumperSensor2.json in Resources */,
				880EC67724805E4A002285DF /* Main.storyboard in Resources */,
				881A8E202482901500494B93 /* GodSpeedSensor2.json in Resources */,
			);
			runOnlyForDeploymentPostprocessing = 0;
		};
		880EC68324805E4E002285DF /* Resources */ = {
			isa = PBXResourcesBuildPhase;
			buildActionMask = 2147483647;
			files = (
			);
			runOnlyForDeploymentPostprocessing = 0;
		};
/* End PBXResourcesBuildPhase section */

/* Begin PBXSourcesBuildPhase section */
		880EC66824805E4A002285DF /* Sources */ = {
			isa = PBXSourcesBuildPhase;
			buildActionMask = 2147483647;
			files = (
				880EC67424805E4A002285DF /* ViewController.swift in Sources */,
				881A8E2A248290A900494B93 /* TrackModel.swift in Sources */,
				88D99B1D2482B18300114BA3 /* Network.swift in Sources */,
				881A8E282482906400494B93 /* SimulatedSonsorsModel.swift in Sources */,
				881A8E0F24828A2400494B93 /* UIView+Extensions.swift in Sources */,
				88D99B1B2482B10800114BA3 /* SimulatedSensorManager.swift in Sources */,
				880EC67024805E4A002285DF /* AppDelegate.swift in Sources */,
				881A8E0B24828A2400494B93 /* Data+Extensions.swift in Sources */,
				881A8E0C24828A2400494B93 /* UIColor+Extensions.swift in Sources */,
				881A8E31248292C000494B93 /* Enums.swift in Sources */,
				881A8E1724828C8B00494B93 /* MainRouter.swift in Sources */,
				881A8E0D24828A2400494B93 /* OutputLog.swift in Sources */,
				881A8E2F248291BF00494B93 /* SimulatedSensorsViewModel.swift in Sources */,
				880EC67224805E4A002285DF /* SceneDelegate.swift in Sources */,
				881A8E2C2482910A00494B93 /* LocationModel.swift in Sources */,
				88D99B222482DF9700114BA3 /* OutputTimerView.swift in Sources */,
				880EC67A24805E4A002285DF /* TheLogger.xcdatamodeld in Sources */,
				881A8E0E24828A2400494B93 /* StyleGuide.swift in Sources */,
			);
			runOnlyForDeploymentPostprocessing = 0;
		};
		880EC68124805E4E002285DF /* Sources */ = {
			isa = PBXSourcesBuildPhase;
			buildActionMask = 2147483647;
			files = (
				880EC68A24805E4E002285DF /* TheLoggerTests.swift in Sources */,
			);
			runOnlyForDeploymentPostprocessing = 0;
		};
/* End PBXSourcesBuildPhase section */

/* Begin PBXTargetDependency section */
		880EC68724805E4E002285DF /* PBXTargetDependency */ = {
			isa = PBXTargetDependency;
			target = 880EC66B24805E4A002285DF /* TheLogger */;
			targetProxy = 880EC68624805E4E002285DF /* PBXContainerItemProxy */;
		};
/* End PBXTargetDependency section */

/* Begin PBXVariantGroup section */
		880EC67524805E4A002285DF /* Main.storyboard */ = {
			isa = PBXVariantGroup;
			children = (
				880EC67624805E4A002285DF /* Base */,
			);
			name = Main.storyboard;
			sourceTree = "<group>";
		};
		880EC67D24805E4E002285DF /* LaunchScreen.storyboard */ = {
			isa = PBXVariantGroup;
			children = (
				880EC67E24805E4E002285DF /* Base */,
			);
			name = LaunchScreen.storyboard;
			sourceTree = "<group>";
		};
/* End PBXVariantGroup section */

/* Begin XCBuildConfiguration section */
		880EC68C24805E4E002285DF /* Debug */ = {
			isa = XCBuildConfiguration;
			buildSettings = {
				ALWAYS_SEARCH_USER_PATHS = NO;
				CLANG_ANALYZER_NONNULL = YES;
				CLANG_ANALYZER_NUMBER_OBJECT_CONVERSION = YES_AGGRESSIVE;
				CLANG_CXX_LANGUAGE_STANDARD = "gnu++14";
				CLANG_CXX_LIBRARY = "libc++";
				CLANG_ENABLE_MODULES = YES;
				CLANG_ENABLE_OBJC_ARC = YES;
				CLANG_ENABLE_OBJC_WEAK = YES;
				CLANG_WARN_BLOCK_CAPTURE_AUTORELEASING = YES;
				CLANG_WARN_BOOL_CONVERSION = YES;
				CLANG_WARN_COMMA = YES;
				CLANG_WARN_CONSTANT_CONVERSION = YES;
				CLANG_WARN_DEPRECATED_OBJC_IMPLEMENTATIONS = YES;
				CLANG_WARN_DIRECT_OBJC_ISA_USAGE = YES_ERROR;
				CLANG_WARN_DOCUMENTATION_COMMENTS = YES;
				CLANG_WARN_EMPTY_BODY = YES;
				CLANG_WARN_ENUM_CONVERSION = YES;
				CLANG_WARN_INFINITE_RECURSION = YES;
				CLANG_WARN_INT_CONVERSION = YES;
				CLANG_WARN_NON_LITERAL_NULL_CONVERSION = YES;
				CLANG_WARN_OBJC_IMPLICIT_RETAIN_SELF = YES;
				CLANG_WARN_OBJC_LITERAL_CONVERSION = YES;
				CLANG_WARN_OBJC_ROOT_CLASS = YES_ERROR;
				CLANG_WARN_RANGE_LOOP_ANALYSIS = YES;
				CLANG_WARN_STRICT_PROTOTYPES = YES;
				CLANG_WARN_SUSPICIOUS_MOVE = YES;
				CLANG_WARN_UNGUARDED_AVAILABILITY = YES_AGGRESSIVE;
				CLANG_WARN_UNREACHABLE_CODE = YES;
				CLANG_WARN__DUPLICATE_METHOD_MATCH = YES;
				COPY_PHASE_STRIP = NO;
				DEBUG_INFORMATION_FORMAT = dwarf;
				ENABLE_STRICT_OBJC_MSGSEND = YES;
				ENABLE_TESTABILITY = YES;
				GCC_C_LANGUAGE_STANDARD = gnu11;
				GCC_DYNAMIC_NO_PIC = NO;
				GCC_NO_COMMON_BLOCKS = YES;
				GCC_OPTIMIZATION_LEVEL = 0;
				GCC_PREPROCESSOR_DEFINITIONS = (
					"DEBUG=1",
					"$(inherited)",
				);
				GCC_WARN_64_TO_32_BIT_CONVERSION = YES;
				GCC_WARN_ABOUT_RETURN_TYPE = YES_ERROR;
				GCC_WARN_UNDECLARED_SELECTOR = YES;
				GCC_WARN_UNINITIALIZED_AUTOS = YES_AGGRESSIVE;
				GCC_WARN_UNUSED_FUNCTION = YES;
				GCC_WARN_UNUSED_VARIABLE = YES;
				IPHONEOS_DEPLOYMENT_TARGET = 13.2;
				MTL_ENABLE_DEBUG_INFO = INCLUDE_SOURCE;
				MTL_FAST_MATH = YES;
				ONLY_ACTIVE_ARCH = YES;
				SDKROOT = iphoneos;
				SWIFT_ACTIVE_COMPILATION_CONDITIONS = DEBUG;
				SWIFT_OPTIMIZATION_LEVEL = "-Onone";
			};
			name = Debug;
		};
		880EC68D24805E4E002285DF /* Release */ = {
			isa = XCBuildConfiguration;
			buildSettings = {
				ALWAYS_SEARCH_USER_PATHS = NO;
				CLANG_ANALYZER_NONNULL = YES;
				CLANG_ANALYZER_NUMBER_OBJECT_CONVERSION = YES_AGGRESSIVE;
				CLANG_CXX_LANGUAGE_STANDARD = "gnu++14";
				CLANG_CXX_LIBRARY = "libc++";
				CLANG_ENABLE_MODULES = YES;
				CLANG_ENABLE_OBJC_ARC = YES;
				CLANG_ENABLE_OBJC_WEAK = YES;
				CLANG_WARN_BLOCK_CAPTURE_AUTORELEASING = YES;
				CLANG_WARN_BOOL_CONVERSION = YES;
				CLANG_WARN_COMMA = YES;
				CLANG_WARN_CONSTANT_CONVERSION = YES;
				CLANG_WARN_DEPRECATED_OBJC_IMPLEMENTATIONS = YES;
				CLANG_WARN_DIRECT_OBJC_ISA_USAGE = YES_ERROR;
				CLANG_WARN_DOCUMENTATION_COMMENTS = YES;
				CLANG_WARN_EMPTY_BODY = YES;
				CLANG_WARN_ENUM_CONVERSION = YES;
				CLANG_WARN_INFINITE_RECURSION = YES;
				CLANG_WARN_INT_CONVERSION = YES;
				CLANG_WARN_NON_LITERAL_NULL_CONVERSION = YES;
				CLANG_WARN_OBJC_IMPLICIT_RETAIN_SELF = YES;
				CLANG_WARN_OBJC_LITERAL_CONVERSION = YES;
				CLANG_WARN_OBJC_ROOT_CLASS = YES_ERROR;
				CLANG_WARN_RANGE_LOOP_ANALYSIS = YES;
				CLANG_WARN_STRICT_PROTOTYPES = YES;
				CLANG_WARN_SUSPICIOUS_MOVE = YES;
				CLANG_WARN_UNGUARDED_AVAILABILITY = YES_AGGRESSIVE;
				CLANG_WARN_UNREACHABLE_CODE = YES;
				CLANG_WARN__DUPLICATE_METHOD_MATCH = YES;
				COPY_PHASE_STRIP = NO;
				DEBUG_INFORMATION_FORMAT = "dwarf-with-dsym";
				ENABLE_NS_ASSERTIONS = NO;
				ENABLE_STRICT_OBJC_MSGSEND = YES;
				GCC_C_LANGUAGE_STANDARD = gnu11;
				GCC_NO_COMMON_BLOCKS = YES;
				GCC_WARN_64_TO_32_BIT_CONVERSION = YES;
				GCC_WARN_ABOUT_RETURN_TYPE = YES_ERROR;
				GCC_WARN_UNDECLARED_SELECTOR = YES;
				GCC_WARN_UNINITIALIZED_AUTOS = YES_AGGRESSIVE;
				GCC_WARN_UNUSED_FUNCTION = YES;
				GCC_WARN_UNUSED_VARIABLE = YES;
				IPHONEOS_DEPLOYMENT_TARGET = 13.2;
				MTL_ENABLE_DEBUG_INFO = NO;
				MTL_FAST_MATH = YES;
				SDKROOT = iphoneos;
				SWIFT_COMPILATION_MODE = wholemodule;
				SWIFT_OPTIMIZATION_LEVEL = "-O";
				VALIDATE_PRODUCT = YES;
			};
			name = Release;
		};
		880EC68F24805E4E002285DF /* Debug */ = {
			isa = XCBuildConfiguration;
			buildSettings = {
				ASSETCATALOG_COMPILER_APPICON_NAME = AppIcon;
				CODE_SIGN_STYLE = Automatic;
				DEVELOPMENT_TEAM = 69KP7AWB28;
				INFOPLIST_FILE = TheLogger/App/SupportingFiles/Info.plist;
				IPHONEOS_DEPLOYMENT_TARGET = 13.0;
				LD_RUNPATH_SEARCH_PATHS = (
					"$(inherited)",
					"@executable_path/Frameworks",
				);
				PRODUCT_BUNDLE_IDENTIFIER = com.VitorSpessoto.TheLogger;
				PRODUCT_NAME = "$(TARGET_NAME)";
				SWIFT_VERSION = 5.0;
				TARGETED_DEVICE_FAMILY = 1;
			};
			name = Debug;
		};
		880EC69024805E4E002285DF /* Release */ = {
			isa = XCBuildConfiguration;
			buildSettings = {
				ASSETCATALOG_COMPILER_APPICON_NAME = AppIcon;
				CODE_SIGN_STYLE = Automatic;
				DEVELOPMENT_TEAM = 69KP7AWB28;
				INFOPLIST_FILE = TheLogger/App/SupportingFiles/Info.plist;
				IPHONEOS_DEPLOYMENT_TARGET = 13.0;
				LD_RUNPATH_SEARCH_PATHS = (
					"$(inherited)",
					"@executable_path/Frameworks",
				);
				PRODUCT_BUNDLE_IDENTIFIER = com.VitorSpessoto.TheLogger;
				PRODUCT_NAME = "$(TARGET_NAME)";
				SWIFT_VERSION = 5.0;
				TARGETED_DEVICE_FAMILY = 1;
			};
			name = Release;
		};
		880EC69224805E4E002285DF /* Debug */ = {
			isa = XCBuildConfiguration;
			buildSettings = {
				ALWAYS_EMBED_SWIFT_STANDARD_LIBRARIES = YES;
				BUNDLE_LOADER = "$(TEST_HOST)";
				CODE_SIGN_STYLE = Automatic;
				DEVELOPMENT_TEAM = 69KP7AWB28;
				INFOPLIST_FILE = TheLoggerTests/Info.plist;
				IPHONEOS_DEPLOYMENT_TARGET = 13.2;
				LD_RUNPATH_SEARCH_PATHS = (
					"$(inherited)",
					"@executable_path/Frameworks",
					"@loader_path/Frameworks",
				);
				PRODUCT_BUNDLE_IDENTIFIER = com.VitorSpessoto.TheLoggerTests;
				PRODUCT_NAME = "$(TARGET_NAME)";
				SWIFT_VERSION = 5.0;
				TARGETED_DEVICE_FAMILY = "1,2";
				TEST_HOST = "$(BUILT_PRODUCTS_DIR)/TheLogger.app/TheLogger";
			};
			name = Debug;
		};
		880EC69324805E4E002285DF /* Release */ = {
			isa = XCBuildConfiguration;
			buildSettings = {
				ALWAYS_EMBED_SWIFT_STANDARD_LIBRARIES = YES;
				BUNDLE_LOADER = "$(TEST_HOST)";
				CODE_SIGN_STYLE = Automatic;
				DEVELOPMENT_TEAM = 69KP7AWB28;
				INFOPLIST_FILE = TheLoggerTests/Info.plist;
				IPHONEOS_DEPLOYMENT_TARGET = 13.2;
				LD_RUNPATH_SEARCH_PATHS = (
					"$(inherited)",
					"@executable_path/Frameworks",
					"@loader_path/Frameworks",
				);
				PRODUCT_BUNDLE_IDENTIFIER = com.VitorSpessoto.TheLoggerTests;
				PRODUCT_NAME = "$(TARGET_NAME)";
				SWIFT_VERSION = 5.0;
				TARGETED_DEVICE_FAMILY = "1,2";
				TEST_HOST = "$(BUILT_PRODUCTS_DIR)/TheLogger.app/TheLogger";
			};
			name = Release;
		};
/* End XCBuildConfiguration section */

/* Begin XCConfigurationList section */
		880EC66724805E4A002285DF /* Build configuration list for PBXProject "TheLogger" */ = {
			isa = XCConfigurationList;
			buildConfigurations = (
				880EC68C24805E4E002285DF /* Debug */,
				880EC68D24805E4E002285DF /* Release */,
			);
			defaultConfigurationIsVisible = 0;
			defaultConfigurationName = Release;
		};
		880EC68E24805E4E002285DF /* Build configuration list for PBXNativeTarget "TheLogger" */ = {
			isa = XCConfigurationList;
			buildConfigurations = (
				880EC68F24805E4E002285DF /* Debug */,
				880EC69024805E4E002285DF /* Release */,
			);
			defaultConfigurationIsVisible = 0;
			defaultConfigurationName = Release;
		};
		880EC69124805E4E002285DF /* Build configuration list for PBXNativeTarget "TheLoggerTests" */ = {
			isa = XCConfigurationList;
			buildConfigurations = (
				880EC69224805E4E002285DF /* Debug */,
				880EC69324805E4E002285DF /* Release */,
			);
			defaultConfigurationIsVisible = 0;
			defaultConfigurationName = Release;
		};
/* End XCConfigurationList section */

/* Begin XCVersionGroup section */
		880EC67824805E4A002285DF /* TheLogger.xcdatamodeld */ = {
			isa = XCVersionGroup;
			children = (
				880EC67924805E4A002285DF /* TheLogger.xcdatamodel */,
			);
			currentVersion = 880EC67924805E4A002285DF /* TheLogger.xcdatamodel */;
			path = TheLogger.xcdatamodeld;
			sourceTree = "<group>";
			versionGroupType = wrapper.xcdatamodel;
		};
/* End XCVersionGroup section */
	};
	rootObject = 880EC66424805E4A002285DF /* Project object */;
}
